
Microsoft Visual Studio Solution File, Format Version 12.00
# Visual Studio Version 17
VisualStudioVersion = 17.14.36511.14 d17.14
MinimumVisualStudioVersion = 10.0.40219.1
Project("{FAE04EC0-301F-11D3-BF4B-00C04F79EFBC}") = "Loops_in_C#", "Loops_in_C#.csproj", "{5C15C625-0FDB-4563-8B47-5C57F0AE9E73}"
EndProject
Global
	GlobalSection(SolutionConfigurationPlatforms) = preSolution
		Debug|Any CPU = Debug|Any CPU
		Release|Any CPU = Release|Any CPU
	EndGlobalSection
	GlobalSection(ProjectConfigurationPlatforms) = postSolution
		{5C15C625-0FDB-4563-8B47-5C57F0AE9E73}.Debug|Any CPU.ActiveCfg = Debug|Any CPU
		{5C15C625-0FDB-4563-8B47-5C57F0AE9E73}.Debug|Any CPU.Build.0 = Debug|Any CPU
		{5C15C625-0FDB-4563-8B47-5C57F0AE9E73}.Release|Any CPU.ActiveCfg = Release|Any CPU
		{5C15C625-0FDB-4563-8B47-5C57F0AE9E73}.Release|Any CPU.Build.0 = Release|Any CPU
	EndGlobalSection
	GlobalSection(SolutionProperties) = preSolution
		HideSolutionNode = FALSE
	EndGlobalSection
	GlobalSection(ExtensibilityGlobals) = postSolution
		SolutionGuid = {4C9EA09B-BC52-404A-8951-8C0F4BB7476A}
	EndGlobalSection
EndGlobal
